
Microsoft Visual Studio Solution File, Format Version 12.00
# Visual Studio Version 17
VisualStudioVersion = 17.7.34031.279
MinimumVisualStudioVersion = 10.0.40219.1
Project("{FAE04EC0-301F-11D3-BF4B-00C04F79EFBC}") = "class and method", "class and method\class and method.csproj", "{87C9C99A-412F-48A9-A7A5-66A9E11972EF}"
EndProject
Global
	GlobalSection(SolutionConfigurationPlatforms) = preSolution
		Debug|Any CPU = Debug|Any CPU
		Release|Any CPU = Release|Any CPU
	EndGlobalSection
	GlobalSection(ProjectConfigurationPlatforms) = postSolution
		{87C9C99A-412F-48A9-A7A5-66A9E11972EF}.Debug|Any CPU.ActiveCfg = Debug|Any CPU
		{87C9C99A-412F-48A9-A7A5-66A9E11972EF}.Debug|Any CPU.Build.0 = Debug|Any CPU
		{87C9C99A-412F-48A9-A7A5-66A9E11972EF}.Release|Any CPU.ActiveCfg = Release|Any CPU
		{87C9C99A-412F-48A9-A7A5-66A9E11972EF}.Release|Any CPU.Build.0 = Release|Any CPU
	EndGlobalSection
	GlobalSection(SolutionProperties) = preSolution
		HideSolutionNode = FALSE
	EndGlobalSection
	GlobalSection(ExtensibilityGlobals) = postSolution
		SolutionGuid = {FB753EE9-88EF-4D5E-AC93-74775DB15FF1}
	EndGlobalSection
EndGlobal
